{
  "attach-db": {
    "commit": "7feda8e01e22bc0886c86123f3884947e36d8c69",
    "path": "skills/attach-db",
    "ref": "main",
    "repo": "https://github.com/duckdb/duckdb-skills"
  },
  "convert-file": {
    "commit": "7feda8e01e22bc0886c86123f3884947e36d8c69",
    "path": "skills/convert-file",
    "ref": "main",
    "repo": "https://github.com/duckdb/duckdb-skills"
  },
  "developing-with-streamlit": {
    "commit": "4b5aacdfb9b80d8215441c2500f7cb978b5e0881",
    "path": "developing-with-streamlit",
    "ref": "main",
    "repo": "https://github.com/streamlit/agent-skills"
  },
  "duckdb-docs": {
    "commit": "7feda8e01e22bc0886c86123f3884947e36d8c69",
    "path": "skills/duckdb-docs",
    "ref": "main",
    "repo": "https://github.com/duckdb/duckdb-skills"
  },
  "install-duckdb": {
    "commit": "7feda8e01e22bc0886c86123f3884947e36d8c69",
    "path": "skills/install-duckdb",
    "ref": "main",
    "repo": "https://github.com/duckdb/duckdb-skills"
  },
  "mcp-builder": {
    "commit": "9d2f1ae187231d8199c64b5b762e1bdf2244733d",
    "path": "skills/mcp-builder",
    "ref": "main",
    "repo": "https://github.com/anthropics/skills"
  },
  "query": {
    "commit": "7feda8e01e22bc0886c86123f3884947e36d8c69",
    "path": "skills/query",
    "ref": "main",
    "repo": "https://github.com/duckdb/duckdb-skills"
  },
  "read-file": {
    "commit": "7feda8e01e22bc0886c86123f3884947e36d8c69",
    "path": "skills/read-file",
    "ref": "main",
    "repo": "https://github.com/duckdb/duckdb-skills"
  },
  "s3-explore": {
    "commit": "7feda8e01e22bc0886c86123f3884947e36d8c69",
    "path": "skills/s3-explore",
    "ref": "main",
    "repo": "https://github.com/duckdb/duckdb-skills"
  },
  "skill-creator": {
    "commit": "9d2f1ae187231d8199c64b5b762e1bdf2244733d",
    "path": "skills/skill-creator",
    "ref": "main",
    "repo": "https://github.com/anthropics/skills"
  },
  "spatial": {
    "commit": "7feda8e01e22bc0886c86123f3884947e36d8c69",
    "path": "skills/spatial",
    "ref": "main",
    "repo": "https://github.com/duckdb/duckdb-skills"
  },
  "webapp-testing": {
    "commit": "9d2f1ae187231d8199c64b5b762e1bdf2244733d",
    "path": "skills/webapp-testing",
    "ref": "main",
    "repo": "https://github.com/anthropics/skills"
  }
}
